
Microsoft Visual Studio Solution File, Format Version 12.00
# Visual Studio Version 17
VisualStudioVersion = 17.5.33502.453
MinimumVisualStudioVersion = 10.0.40219.1
Project("{F184B08F-C81C-45F6-A57F-5ABD9991F28F}") = "NextPlayer", "NextPlayer\NextPlayer.vbproj", "{F74004CB-5085-411F-936B-ADABD01DCD98}"
	ProjectSection(ProjectDependencies) = postProject
		{9614FE14-F96F-4E82-9B04-C375B604DEF1} = {9614FE14-F96F-4E82-9B04-C375B604DEF1}
		{F6CDC516-EC09-48F6-85B1-C5716979D6AB} = {F6CDC516-EC09-48F6-85B1-C5716979D6AB}
		{5ECA074D-70A4-491E-8BA1-A35631802734} = {5ECA074D-70A4-491E-8BA1-A35631802734}
		{A0F80B58-C3ED-44F2-998C-0F0563BE8127} = {A0F80B58-C3ED-44F2-998C-0F0563BE8127}
		{6CC6BB6D-6251-4E5C-A607-5CD8DF63AE7C} = {6CC6BB6D-6251-4E5C-A607-5CD8DF63AE7C}
		{F6D89BB3-718F-4805-9032-C94D293BF986} = {F6D89BB3-718F-4805-9032-C94D293BF986}
		{7F41ADBA-2194-4F34-99ED-D2BBB599B8F3} = {7F41ADBA-2194-4F34-99ED-D2BBB599B8F3}
	EndProjectSection
EndProject
Project("{F184B08F-C81C-45F6-A57F-5ABD9991F28F}") = "PlayerTests", "PlayerTests\PlayerTests.vbproj", "{942ED356-6201-4F39-822F-6CECE61534CF}"
	ProjectSection(ProjectDependencies) = postProject
		{F74004CB-5085-411F-936B-ADABD01DCD98} = {F74004CB-5085-411F-936B-ADABD01DCD98}
	EndProjectSection
EndProject
Project("{2150E333-8FDC-42A3-9474-1A3956D46DE8}") = "Solution Items", "Solution Items", "{8C85FFC1-9917-4EFC-B4D4-0AE4103BD1F2}"
	ProjectSection(SolutionItems) = preProject
		.gitignore = .gitignore
		CodeClone.codeclonesettings = CodeClone.codeclonesettings
		CodeCoverage.runsettings = CodeCoverage.runsettings
		NextPlayer.vsmdi = NextPlayer.vsmdi
		Docs\Storage.dgml = Docs\Storage.dgml
		Docs\Triggers.dgml = Docs\Triggers.dgml
	EndProjectSection
EndProject
Project("{F184B08F-C81C-45F6-A57F-5ABD9991F28F}") = "AudioPlayerLibrary", "AudioPlayerLibrary\AudioPlayerLibrary.vbproj", "{A0F80B58-C3ED-44F2-998C-0F0563BE8127}"
	ProjectSection(ProjectDependencies) = postProject
		{6CC6BB6D-6251-4E5C-A607-5CD8DF63AE7C} = {6CC6BB6D-6251-4E5C-A607-5CD8DF63AE7C}
	EndProjectSection
EndProject
Project("{F184B08F-C81C-45F6-A57F-5ABD9991F28F}") = "Common", "Common\Common.vbproj", "{6CC6BB6D-6251-4E5C-A607-5CD8DF63AE7C}"
EndProject
Project("{F184B08F-C81C-45F6-A57F-5ABD9991F28F}") = "Reports", "Reports\Reports.vbproj", "{9614FE14-F96F-4E82-9B04-C375B604DEF1}"
EndProject
Project("{F184B08F-C81C-45F6-A57F-5ABD9991F28F}") = "PlayerActions", "PlayerActions\PlayerActions.vbproj", "{7F41ADBA-2194-4F34-99ED-D2BBB599B8F3}"
	ProjectSection(ProjectDependencies) = postProject
		{A0F80B58-C3ED-44F2-998C-0F0563BE8127} = {A0F80B58-C3ED-44F2-998C-0F0563BE8127}
		{6CC6BB6D-6251-4E5C-A607-5CD8DF63AE7C} = {6CC6BB6D-6251-4E5C-A607-5CD8DF63AE7C}
	EndProjectSection
EndProject
Project("{F184B08F-C81C-45F6-A57F-5ABD9991F28F}") = "TextWindowLibrary", "TextWindowLibrary\TextWindowLibrary.vbproj", "{B118A154-D2E8-4253-A9C7-48B0B0514C7C}"
EndProject
Project("{54435603-DBB4-11D2-8724-00A0C9A8B90C}") = "SetupNextPlayer", "SetupNextPlayer\SetupNextPlayer.vdproj", "{8674820F-8068-438E-A9F5-331A65AE78A1}"
EndProject
Project("{F184B08F-C81C-45F6-A57F-5ABD9991F28F}") = "LicenseLibrary", "LicenseLibrary\LicenseLibrary.vbproj", "{F6CDC516-EC09-48F6-85B1-C5716979D6AB}"
EndProject
Project("{F184B08F-C81C-45F6-A57F-5ABD9991F28F}") = "WpfResources", "WpfResources\WpfResources.vbproj", "{F6D89BB3-718F-4805-9032-C94D293BF986}"
	ProjectSection(ProjectDependencies) = postProject
		{F6CDC516-EC09-48F6-85B1-C5716979D6AB} = {F6CDC516-EC09-48F6-85B1-C5716979D6AB}
		{A0F80B58-C3ED-44F2-998C-0F0563BE8127} = {A0F80B58-C3ED-44F2-998C-0F0563BE8127}
		{6CC6BB6D-6251-4E5C-A607-5CD8DF63AE7C} = {6CC6BB6D-6251-4E5C-A607-5CD8DF63AE7C}
		{7F41ADBA-2194-4F34-99ED-D2BBB599B8F3} = {7F41ADBA-2194-4F34-99ED-D2BBB599B8F3}
	EndProjectSection
EndProject
Project("{F184B08F-C81C-45F6-A57F-5ABD9991F28F}") = "WpfTemplates", "WpfTemplates\WpfTemplates.vbproj", "{5ECA074D-70A4-491E-8BA1-A35631802734}"
EndProject
Project("{F184B08F-C81C-45F6-A57F-5ABD9991F28F}") = "AudioChannelLibrary", "AudioChannelLibrary\AudioChannelLibrary.vbproj", "{63B765BA-0CD8-47B7-B04E-71F1D7A7846C}"
EndProject
Project("{F184B08F-C81C-45F6-A57F-5ABD9991F28F}") = "VoiceControlLibrary", "VoiceControlLibrary\VoiceControlLibrary.vbproj", "{134C59C6-09B6-4B05-BDBA-C7A8DBE8762E}"
EndProject
Project("{F184B08F-C81C-45F6-A57F-5ABD9991F28F}") = "TextChannelLibrary", "TextChannelLibrary\TextChannelLibrary.vbproj", "{D015254D-CDAA-4C4E-ACC2-76F59C787080}"
EndProject
Project("{2150E333-8FDC-42A3-9474-1A3956D46DE8}") = "Examples", "Examples", "{A207FBFF-EA20-4EDD-B8A0-A981EBF342EB}"
EndProject
Project("{2150E333-8FDC-42A3-9474-1A3956D46DE8}") = "Source files", "Source files", "{BA2F5303-E44D-4CA7-B05C-A37C70EE18DA}"
	ProjectSection(SolutionItems) = preProject
		Examples\Source files\184618__kim-headlee__lkf10.wav = Examples\Source files\184618__kim-headlee__lkf10.wav
		Examples\Source files\329795__unaxete__mystery-chime.ogg = Examples\Source files\329795__unaxete__mystery-chime.ogg
		Examples\Source files\337436__robinhood76__06384-magic-collect-ding.wav = Examples\Source files\337436__robinhood76__06384-magic-collect-ding.wav
		Examples\Source files\350495__frankum__dulcet-flute-music-track mono.wav = Examples\Source files\350495__frankum__dulcet-flute-music-track mono.wav
		Examples\Source files\350495__frankum__dulcet-flute-music-track stereo.mp3 = Examples\Source files\350495__frankum__dulcet-flute-music-track stereo.mp3
		Examples\Source files\Big Ben chime.mp3 = Examples\Source files\Big Ben chime.mp3
		Examples\Source files\danosongs.com-love-letters-instr.mp3 = Examples\Source files\danosongs.com-love-letters-instr.mp3
		Examples\Source files\danosongs.com-remember-the-stars-piano.mp3 = Examples\Source files\danosongs.com-remember-the-stars-piano.mp3
		Examples\Source files\danosongs.com-undiscovered-creature-instr.mp3 = Examples\Source files\danosongs.com-undiscovered-creature-instr.mp3
		Examples\Source files\Slides.pptx = Examples\Source files\Slides.pptx
	EndProjectSection
EndProject
Project("{2150E333-8FDC-42A3-9474-1A3956D46DE8}") = "Playlists", "Playlists", "{5E4DD54C-E521-4CB3-BFE2-078C5A4E3920}"
	ProjectSection(SolutionItems) = preProject
		Examples\Playlists\All features example.tpl = Examples\Playlists\All features example.tpl
	EndProjectSection
EndProject
Project("{F184B08F-C81C-45F6-A57F-5ABD9991F28F}") = "RoomDivisionLibrary", "RoomDivisionLibrary\RoomDivisionLibrary.vbproj", "{CFA433B8-85E2-4AB8-9AC1-5F65056D0748}"
EndProject
Project("{F184B08F-C81C-45F6-A57F-5ABD9991F28F}") = "GeometryVisualizers", "GeometryVisualizers\GeometryVisualizers.vbproj", "{FFDD1198-AF80-4D79-9CA5-EAD618DCB063}"
EndProject
Project("{F184B08F-C81C-45F6-A57F-5ABD9991F28F}") = "GeometryVisualizersTests", "GeometryVisualizersTests\GeometryVisualizersTests.vbproj", "{5776B619-0A64-4EF1-BAC3-707D3609E862}"
EndProject
Project("{F184B08F-C81C-45F6-A57F-5ABD9991F28F}") = "DrawingLibrary", "DrawingLibrary\DrawingLibrary.vbproj", "{E2B37E68-5FD4-45C0-9355-B7D8DE8B8B72}"
EndProject
Project("{FAE04EC0-301F-11D3-BF4B-00C04F79EFBC}") = "VoiceControlLibraryTests", "UnitTestProject1\VoiceControlLibraryTests.csproj", "{B5BD8E13-8E95-4A2C-9C3C-A5FB5FA6AD38}"
EndProject
Global
	GlobalSection(SolutionConfigurationPlatforms) = preSolution
		CD_ROM|Any CPU = CD_ROM|Any CPU
		CD_ROM|Mixed Platforms = CD_ROM|Mixed Platforms
		CD_ROM|x86 = CD_ROM|x86
		Debug|Any CPU = Debug|Any CPU
		Debug|Mixed Platforms = Debug|Mixed Platforms
		Debug|x86 = Debug|x86
		DVD-5|Any CPU = DVD-5|Any CPU
		DVD-5|Mixed Platforms = DVD-5|Mixed Platforms
		DVD-5|x86 = DVD-5|x86
		Release|Any CPU = Release|Any CPU
		Release|Mixed Platforms = Release|Mixed Platforms
		Release|x86 = Release|x86
		SingleImage|Any CPU = SingleImage|Any CPU
		SingleImage|Mixed Platforms = SingleImage|Mixed Platforms
		SingleImage|x86 = SingleImage|x86
	EndGlobalSection
	GlobalSection(ProjectConfigurationPlatforms) = postSolution
		{F74004CB-5085-411F-936B-ADABD01DCD98}.CD_ROM|Any CPU.ActiveCfg = Release|Any CPU
		{F74004CB-5085-411F-936B-ADABD01DCD98}.CD_ROM|Any CPU.Build.0 = Release|Any CPU
		{F74004CB-5085-411F-936B-ADABD01DCD98}.CD_ROM|Mixed Platforms.ActiveCfg = Release|x86
		{F74004CB-5085-411F-936B-ADABD01DCD98}.CD_ROM|Mixed Platforms.Build.0 = Release|x86
		{F74004CB-5085-411F-936B-ADABD01DCD98}.CD_ROM|x86.ActiveCfg = Release|x86
		{F74004CB-5085-411F-936B-ADABD01DCD98}.CD_ROM|x86.Build.0 = Release|x86
		{F74004CB-5085-411F-936B-ADABD01DCD98}.Debug|Any CPU.ActiveCfg = Debug|Any CPU
		{F74004CB-5085-411F-936B-ADABD01DCD98}.Debug|Any CPU.Build.0 = Debug|Any CPU
		{F74004CB-5085-411F-936B-ADABD01DCD98}.Debug|Mixed Platforms.ActiveCfg = Debug|Any CPU
		{F74004CB-5085-411F-936B-ADABD01DCD98}.Debug|Mixed Platforms.Build.0 = Debug|Any CPU
		{F74004CB-5085-411F-936B-ADABD01DCD98}.Debug|x86.ActiveCfg = Debug|Any CPU
		{F74004CB-5085-411F-936B-ADABD01DCD98}.Debug|x86.Build.0 = Debug|Any CPU
		{F74004CB-5085-411F-936B-ADABD01DCD98}.DVD-5|Any CPU.ActiveCfg = Debug|Any CPU
		{F74004CB-5085-411F-936B-ADABD01DCD98}.DVD-5|Any CPU.Build.0 = Debug|Any CPU
		{F74004CB-5085-411F-936B-ADABD01DCD98}.DVD-5|Mixed Platforms.ActiveCfg = Debug|x86
		{F74004CB-5085-411F-936B-ADABD01DCD98}.DVD-5|Mixed Platforms.Build.0 = Debug|x86
		{F74004CB-5085-411F-936B-ADABD01DCD98}.DVD-5|x86.ActiveCfg = Debug|x86
		{F74004CB-5085-411F-936B-ADABD01DCD98}.DVD-5|x86.Build.0 = Debug|x86
		{F74004CB-5085-411F-936B-ADABD01DCD98}.Release|Any CPU.ActiveCfg = Release|Any CPU
		{F74004CB-5085-411F-936B-ADABD01DCD98}.Release|Any CPU.Build.0 = Release|Any CPU
		{F74004CB-5085-411F-936B-ADABD01DCD98}.Release|Mixed Platforms.ActiveCfg = Release|Any CPU
		{F74004CB-5085-411F-936B-ADABD01DCD98}.Release|Mixed Platforms.Build.0 = Release|Any CPU
		{F74004CB-5085-411F-936B-ADABD01DCD98}.Release|x86.ActiveCfg = Release|x86
		{F74004CB-5085-411F-936B-ADABD01DCD98}.Release|x86.Build.0 = Release|x86
		{F74004CB-5085-411F-936B-ADABD01DCD98}.SingleImage|Any CPU.ActiveCfg = Release|Any CPU
		{F74004CB-5085-411F-936B-ADABD01DCD98}.SingleImage|Any CPU.Build.0 = Release|Any CPU
		{F74004CB-5085-411F-936B-ADABD01DCD98}.SingleImage|Mixed Platforms.ActiveCfg = Release|x86
		{F74004CB-5085-411F-936B-ADABD01DCD98}.SingleImage|Mixed Platforms.Build.0 = Release|x86
		{F74004CB-5085-411F-936B-ADABD01DCD98}.SingleImage|x86.ActiveCfg = Release|x86
		{F74004CB-5085-411F-936B-ADABD01DCD98}.SingleImage|x86.Build.0 = Release|x86
		{942ED356-6201-4F39-822F-6CECE61534CF}.CD_ROM|Any CPU.ActiveCfg = Release|Any CPU
		{942ED356-6201-4F39-822F-6CECE61534CF}.CD_ROM|Any CPU.Build.0 = Release|Any CPU
		{942ED356-6201-4F39-822F-6CECE61534CF}.CD_ROM|Mixed Platforms.ActiveCfg = Release|Any CPU
		{942ED356-6201-4F39-822F-6CECE61534CF}.CD_ROM|Mixed Platforms.Build.0 = Release|Any CPU
		{942ED356-6201-4F39-822F-6CECE61534CF}.CD_ROM|x86.ActiveCfg = Release|Any CPU
		{942ED356-6201-4F39-822F-6CECE61534CF}.Debug|Any CPU.ActiveCfg = Debug|Any CPU
		{942ED356-6201-4F39-822F-6CECE61534CF}.Debug|Any CPU.Build.0 = Debug|Any CPU
		{942ED356-6201-4F39-822F-6CECE61534CF}.Debug|Mixed Platforms.ActiveCfg = Debug|Any CPU
		{942ED356-6201-4F39-822F-6CECE61534CF}.Debug|Mixed Platforms.Build.0 = Debug|Any CPU
		{942ED356-6201-4F39-822F-6CECE61534CF}.Debug|x86.ActiveCfg = Debug|Any CPU
		{942ED356-6201-4F39-822F-6CECE61534CF}.Debug|x86.Build.0 = Debug|Any CPU
		{942ED356-6201-4F39-822F-6CECE61534CF}.DVD-5|Any CPU.ActiveCfg = Debug|Any CPU
		{942ED356-6201-4F39-822F-6CECE61534CF}.DVD-5|Any CPU.Build.0 = Debug|Any CPU
		{942ED356-6201-4F39-822F-6CECE61534CF}.DVD-5|Mixed Platforms.ActiveCfg = Debug|Any CPU
		{942ED356-6201-4F39-822F-6CECE61534CF}.DVD-5|Mixed Platforms.Build.0 = Debug|Any CPU
		{942ED356-6201-4F39-822F-6CECE61534CF}.DVD-5|x86.ActiveCfg = Debug|Any CPU
		{942ED356-6201-4F39-822F-6CECE61534CF}.Release|Any CPU.ActiveCfg = Release|Any CPU
		{942ED356-6201-4F39-822F-6CECE61534CF}.Release|Any CPU.Build.0 = Release|Any CPU
		{942ED356-6201-4F39-822F-6CECE61534CF}.Release|Mixed Platforms.ActiveCfg = Release|Any CPU
		{942ED356-6201-4F39-822F-6CECE61534CF}.Release|Mixed Platforms.Build.0 = Release|Any CPU
		{942ED356-6201-4F39-822F-6CECE61534CF}.Release|x86.ActiveCfg = Release|Any CPU
		{942ED356-6201-4F39-822F-6CECE61534CF}.SingleImage|Any CPU.ActiveCfg = Release|Any CPU
		{942ED356-6201-4F39-822F-6CECE61534CF}.SingleImage|Any CPU.Build.0 = Release|Any CPU
		{942ED356-6201-4F39-822F-6CECE61534CF}.SingleImage|Mixed Platforms.ActiveCfg = Release|Any CPU
		{942ED356-6201-4F39-822F-6CECE61534CF}.SingleImage|Mixed Platforms.Build.0 = Release|Any CPU
		{942ED356-6201-4F39-822F-6CECE61534CF}.SingleImage|x86.ActiveCfg = Release|Any CPU
		{A0F80B58-C3ED-44F2-998C-0F0563BE8127}.CD_ROM|Any CPU.ActiveCfg = Release|Any CPU
		{A0F80B58-C3ED-44F2-998C-0F0563BE8127}.CD_ROM|Any CPU.Build.0 = Release|Any CPU
		{A0F80B58-C3ED-44F2-998C-0F0563BE8127}.CD_ROM|Mixed Platforms.ActiveCfg = Release|Any CPU
		{A0F80B58-C3ED-44F2-998C-0F0563BE8127}.CD_ROM|Mixed Platforms.Build.0 = Release|Any CPU
		{A0F80B58-C3ED-44F2-998C-0F0563BE8127}.CD_ROM|x86.ActiveCfg = Release|Any CPU
		{A0F80B58-C3ED-44F2-998C-0F0563BE8127}.Debug|Any CPU.ActiveCfg = Debug|Any CPU
		{A0F80B58-C3ED-44F2-998C-0F0563BE8127}.Debug|Any CPU.Build.0 = Debug|Any CPU
		{A0F80B58-C3ED-44F2-998C-0F0563BE8127}.Debug|Mixed Platforms.ActiveCfg = Debug|Any CPU
		{A0F80B58-C3ED-44F2-998C-0F0563BE8127}.Debug|Mixed Platforms.Build.0 = Debug|Any CPU
		{A0F80B58-C3ED-44F2-998C-0F0563BE8127}.Debug|x86.ActiveCfg = Debug|Any CPU
		{A0F80B58-C3ED-44F2-998C-0F0563BE8127}.Debug|x86.Build.0 = Debug|Any CPU
		{A0F80B58-C3ED-44F2-998C-0F0563BE8127}.DVD-5|Any CPU.ActiveCfg = Debug|Any CPU
		{A0F80B58-C3ED-44F2-998C-0F0563BE8127}.DVD-5|Any CPU.Build.0 = Debug|Any CPU
		{A0F80B58-C3ED-44F2-998C-0F0563BE8127}.DVD-5|Mixed Platforms.ActiveCfg = Debug|Any CPU
		{A0F80B58-C3ED-44F2-998C-0F0563BE8127}.DVD-5|Mixed Platforms.Build.0 = Debug|Any CPU
		{A0F80B58-C3ED-44F2-998C-0F0563BE8127}.DVD-5|x86.ActiveCfg = Debug|Any CPU
		{A0F80B58-C3ED-44F2-998C-0F0563BE8127}.Release|Any CPU.ActiveCfg = Release|Any CPU
		{A0F80B58-C3ED-44F2-998C-0F0563BE8127}.Release|Any CPU.Build.0 = Release|Any CPU
		{A0F80B58-C3ED-44F2-998C-0F0563BE8127}.Release|Mixed Platforms.ActiveCfg = Release|Any CPU
		{A0F80B58-C3ED-44F2-998C-0F0563BE8127}.Release|Mixed Platforms.Build.0 = Release|Any CPU
		{A0F80B58-C3ED-44F2-998C-0F0563BE8127}.Release|x86.ActiveCfg = Release|Any CPU
		{A0F80B58-C3ED-44F2-998C-0F0563BE8127}.SingleImage|Any CPU.ActiveCfg = Release|Any CPU
		{A0F80B58-C3ED-44F2-998C-0F0563BE8127}.SingleImage|Any CPU.Build.0 = Release|Any CPU
		{A0F80B58-C3ED-44F2-998C-0F0563BE8127}.SingleImage|Mixed Platforms.ActiveCfg = Release|Any CPU
		{A0F80B58-C3ED-44F2-998C-0F0563BE8127}.SingleImage|Mixed Platforms.Build.0 = Release|Any CPU
		{A0F80B58-C3ED-44F2-998C-0F0563BE8127}.SingleImage|x86.ActiveCfg = Release|Any CPU
		{6CC6BB6D-6251-4E5C-A607-5CD8DF63AE7C}.CD_ROM|Any CPU.ActiveCfg = Release|Any CPU
		{6CC6BB6D-6251-4E5C-A607-5CD8DF63AE7C}.CD_ROM|Any CPU.Build.0 = Release|Any CPU
		{6CC6BB6D-6251-4E5C-A607-5CD8DF63AE7C}.CD_ROM|Mixed Platforms.ActiveCfg = Release|Any CPU
		{6CC6BB6D-6251-4E5C-A607-5CD8DF63AE7C}.CD_ROM|Mixed Platforms.Build.0 = Release|Any CPU
		{6CC6BB6D-6251-4E5C-A607-5CD8DF63AE7C}.CD_ROM|x86.ActiveCfg = Release|Any CPU
		{6CC6BB6D-6251-4E5C-A607-5CD8DF63AE7C}.Debug|Any CPU.ActiveCfg = Debug|Any CPU
		{6CC6BB6D-6251-4E5C-A607-5CD8DF63AE7C}.Debug|Any CPU.Build.0 = Debug|Any CPU
		{6CC6BB6D-6251-4E5C-A607-5CD8DF63AE7C}.Debug|Mixed Platforms.ActiveCfg = Debug|Any CPU
		{6CC6BB6D-6251-4E5C-A607-5CD8DF63AE7C}.Debug|Mixed Platforms.Build.0 = Debug|Any CPU
		{6CC6BB6D-6251-4E5C-A607-5CD8DF63AE7C}.Debug|x86.ActiveCfg = Debug|Any CPU
		{6CC6BB6D-6251-4E5C-A607-5CD8DF63AE7C}.Debug|x86.Build.0 = Debug|Any CPU
		{6CC6BB6D-6251-4E5C-A607-5CD8DF63AE7C}.DVD-5|Any CPU.ActiveCfg = Debug|Any CPU
		{6CC6BB6D-6251-4E5C-A607-5CD8DF63AE7C}.DVD-5|Any CPU.Build.0 = Debug|Any CPU
		{6CC6BB6D-6251-4E5C-A607-5CD8DF63AE7C}.DVD-5|Mixed Platforms.ActiveCfg = Debug|Any CPU
		{6CC6BB6D-6251-4E5C-A607-5CD8DF63AE7C}.DVD-5|Mixed Platforms.Build.0 = Debug|Any CPU
		{6CC6BB6D-6251-4E5C-A607-5CD8DF63AE7C}.DVD-5|x86.ActiveCfg = Debug|Any CPU
		{6CC6BB6D-6251-4E5C-A607-5CD8DF63AE7C}.Release|Any CPU.ActiveCfg = Release|Any CPU
		{6CC6BB6D-6251-4E5C-A607-5CD8DF63AE7C}.Release|Any CPU.Build.0 = Release|Any CPU
		{6CC6BB6D-6251-4E5C-A607-5CD8DF63AE7C}.Release|Mixed Platforms.ActiveCfg = Release|Any CPU
		{6CC6BB6D-6251-4E5C-A607-5CD8DF63AE7C}.Release|Mixed Platforms.Build.0 = Release|Any CPU
		{6CC6BB6D-6251-4E5C-A607-5CD8DF63AE7C}.Release|x86.ActiveCfg = Release|Any CPU
		{6CC6BB6D-6251-4E5C-A607-5CD8DF63AE7C}.SingleImage|Any CPU.ActiveCfg = Release|Any CPU
		{6CC6BB6D-6251-4E5C-A607-5CD8DF63AE7C}.SingleImage|Any CPU.Build.0 = Release|Any CPU
		{6CC6BB6D-6251-4E5C-A607-5CD8DF63AE7C}.SingleImage|Mixed Platforms.ActiveCfg = Release|Any CPU
		{6CC6BB6D-6251-4E5C-A607-5CD8DF63AE7C}.SingleImage|Mixed Platforms.Build.0 = Release|Any CPU
		{6CC6BB6D-6251-4E5C-A607-5CD8DF63AE7C}.SingleImage|x86.ActiveCfg = Release|Any CPU
		{9614FE14-F96F-4E82-9B04-C375B604DEF1}.CD_ROM|Any CPU.ActiveCfg = Release|Any CPU
		{9614FE14-F96F-4E82-9B04-C375B604DEF1}.CD_ROM|Any CPU.Build.0 = Release|Any CPU
		{9614FE14-F96F-4E82-9B04-C375B604DEF1}.CD_ROM|Mixed Platforms.ActiveCfg = Release|Any CPU
		{9614FE14-F96F-4E82-9B04-C375B604DEF1}.CD_ROM|Mixed Platforms.Build.0 = Release|Any CPU
		{9614FE14-F96F-4E82-9B04-C375B604DEF1}.CD_ROM|x86.ActiveCfg = Release|Any CPU
		{9614FE14-F96F-4E82-9B04-C375B604DEF1}.Debug|Any CPU.ActiveCfg = Debug|Any CPU
		{9614FE14-F96F-4E82-9B04-C375B604DEF1}.Debug|Any CPU.Build.0 = Debug|Any CPU
		{9614FE14-F96F-4E82-9B04-C375B604DEF1}.Debug|Mixed Platforms.ActiveCfg = Debug|Any CPU
		{9614FE14-F96F-4E82-9B04-C375B604DEF1}.Debug|Mixed Platforms.Build.0 = Debug|Any CPU
		{9614FE14-F96F-4E82-9B04-C375B604DEF1}.Debug|x86.ActiveCfg = Debug|Any CPU
		{9614FE14-F96F-4E82-9B04-C375B604DEF1}.DVD-5|Any CPU.ActiveCfg = Debug|Any CPU
		{9614FE14-F96F-4E82-9B04-C375B604DEF1}.DVD-5|Any CPU.Build.0 = Debug|Any CPU
		{9614FE14-F96F-4E82-9B04-C375B604DEF1}.DVD-5|Mixed Platforms.ActiveCfg = Debug|Any CPU
		{9614FE14-F96F-4E82-9B04-C375B604DEF1}.DVD-5|Mixed Platforms.Build.0 = Debug|Any CPU
		{9614FE14-F96F-4E82-9B04-C375B604DEF1}.DVD-5|x86.ActiveCfg = Debug|Any CPU
		{9614FE14-F96F-4E82-9B04-C375B604DEF1}.Release|Any CPU.ActiveCfg = Release|Any CPU
		{9614FE14-F96F-4E82-9B04-C375B604DEF1}.Release|Any CPU.Build.0 = Release|Any CPU
		{9614FE14-F96F-4E82-9B04-C375B604DEF1}.Release|Mixed Platforms.ActiveCfg = Release|Any CPU
		{9614FE14-F96F-4E82-9B04-C375B604DEF1}.Release|Mixed Platforms.Build.0 = Release|Any CPU
		{9614FE14-F96F-4E82-9B04-C375B604DEF1}.Release|x86.ActiveCfg = Release|Any CPU
		{9614FE14-F96F-4E82-9B04-C375B604DEF1}.SingleImage|Any CPU.ActiveCfg = Release|Any CPU
		{9614FE14-F96F-4E82-9B04-C375B604DEF1}.SingleImage|Any CPU.Build.0 = Release|Any CPU
		{9614FE14-F96F-4E82-9B04-C375B604DEF1}.SingleImage|Mixed Platforms.ActiveCfg = Release|Any CPU
		{9614FE14-F96F-4E82-9B04-C375B604DEF1}.SingleImage|Mixed Platforms.Build.0 = Release|Any CPU
		{9614FE14-F96F-4E82-9B04-C375B604DEF1}.SingleImage|x86.ActiveCfg = Release|Any CPU
		{7F41ADBA-2194-4F34-99ED-D2BBB599B8F3}.CD_ROM|Any CPU.ActiveCfg = Release|Any CPU
		{7F41ADBA-2194-4F34-99ED-D2BBB599B8F3}.CD_ROM|Any CPU.Build.0 = Release|Any CPU
		{7F41ADBA-2194-4F34-99ED-D2BBB599B8F3}.CD_ROM|Mixed Platforms.ActiveCfg = Release|Any CPU
		{7F41ADBA-2194-4F34-99ED-D2BBB599B8F3}.CD_ROM|Mixed Platforms.Build.0 = Release|Any CPU
		{7F41ADBA-2194-4F34-99ED-D2BBB599B8F3}.CD_ROM|x86.ActiveCfg = Release|Any CPU
		{7F41ADBA-2194-4F34-99ED-D2BBB599B8F3}.Debug|Any CPU.ActiveCfg = Debug|Any CPU
		{7F41ADBA-2194-4F34-99ED-D2BBB599B8F3}.Debug|Any CPU.Build.0 = Debug|Any CPU
		{7F41ADBA-2194-4F34-99ED-D2BBB599B8F3}.Debug|Mixed Platforms.ActiveCfg = Debug|Any CPU
		{7F41ADBA-2194-4F34-99ED-D2BBB599B8F3}.Debug|Mixed Platforms.Build.0 = Debug|Any CPU
		{7F41ADBA-2194-4F34-99ED-D2BBB599B8F3}.Debug|x86.ActiveCfg = Debug|Any CPU
		{7F41ADBA-2194-4F34-99ED-D2BBB599B8F3}.DVD-5|Any CPU.ActiveCfg = Debug|Any CPU
		{7F41ADBA-2194-4F34-99ED-D2BBB599B8F3}.DVD-5|Any CPU.Build.0 = Debug|Any CPU
		{7F41ADBA-2194-4F34-99ED-D2BBB599B8F3}.DVD-5|Mixed Platforms.ActiveCfg = Debug|Any CPU
		{7F41ADBA-2194-4F34-99ED-D2BBB599B8F3}.DVD-5|Mixed Platforms.Build.0 = Debug|Any CPU
		{7F41ADBA-2194-4F34-99ED-D2BBB599B8F3}.DVD-5|x86.ActiveCfg = Debug|Any CPU
		{7F41ADBA-2194-4F34-99ED-D2BBB599B8F3}.Release|Any CPU.ActiveCfg = Release|Any CPU
		{7F41ADBA-2194-4F34-99ED-D2BBB599B8F3}.Release|Any CPU.Build.0 = Release|Any CPU
		{7F41ADBA-2194-4F34-99ED-D2BBB599B8F3}.Release|Mixed Platforms.ActiveCfg = Release|Any CPU
		{7F41ADBA-2194-4F34-99ED-D2BBB599B8F3}.Release|Mixed Platforms.Build.0 = Release|Any CPU
		{7F41ADBA-2194-4F34-99ED-D2BBB599B8F3}.Release|x86.ActiveCfg = Release|Any CPU
		{7F41ADBA-2194-4F34-99ED-D2BBB599B8F3}.SingleImage|Any CPU.ActiveCfg = Release|Any CPU
		{7F41ADBA-2194-4F34-99ED-D2BBB599B8F3}.SingleImage|Any CPU.Build.0 = Release|Any CPU
		{7F41ADBA-2194-4F34-99ED-D2BBB599B8F3}.SingleImage|Mixed Platforms.ActiveCfg = Release|Any CPU
		{7F41ADBA-2194-4F34-99ED-D2BBB599B8F3}.SingleImage|Mixed Platforms.Build.0 = Release|Any CPU
		{7F41ADBA-2194-4F34-99ED-D2BBB599B8F3}.SingleImage|x86.ActiveCfg = Release|Any CPU
		{B118A154-D2E8-4253-A9C7-48B0B0514C7C}.CD_ROM|Any CPU.ActiveCfg = Release|Any CPU
		{B118A154-D2E8-4253-A9C7-48B0B0514C7C}.CD_ROM|Any CPU.Build.0 = Release|Any CPU
		{B118A154-D2E8-4253-A9C7-48B0B0514C7C}.CD_ROM|Mixed Platforms.ActiveCfg = Release|Any CPU
		{B118A154-D2E8-4253-A9C7-48B0B0514C7C}.CD_ROM|Mixed Platforms.Build.0 = Release|Any CPU
		{B118A154-D2E8-4253-A9C7-48B0B0514C7C}.CD_ROM|x86.ActiveCfg = Release|Any CPU
		{B118A154-D2E8-4253-A9C7-48B0B0514C7C}.Debug|Any CPU.ActiveCfg = Debug|Any CPU
		{B118A154-D2E8-4253-A9C7-48B0B0514C7C}.Debug|Any CPU.Build.0 = Debug|Any CPU
		{B118A154-D2E8-4253-A9C7-48B0B0514C7C}.Debug|Mixed Platforms.ActiveCfg = Debug|Any CPU
		{B118A154-D2E8-4253-A9C7-48B0B0514C7C}.Debug|Mixed Platforms.Build.0 = Debug|Any CPU
		{B118A154-D2E8-4253-A9C7-48B0B0514C7C}.Debug|x86.ActiveCfg = Debug|Any CPU
		{B118A154-D2E8-4253-A9C7-48B0B0514C7C}.DVD-5|Any CPU.ActiveCfg = Debug|Any CPU
		{B118A154-D2E8-4253-A9C7-48B0B0514C7C}.DVD-5|Any CPU.Build.0 = Debug|Any CPU
		{B118A154-D2E8-4253-A9C7-48B0B0514C7C}.DVD-5|Mixed Platforms.ActiveCfg = Debug|Any CPU
		{B118A154-D2E8-4253-A9C7-48B0B0514C7C}.DVD-5|Mixed Platforms.Build.0 = Debug|Any CPU
		{B118A154-D2E8-4253-A9C7-48B0B0514C7C}.DVD-5|x86.ActiveCfg = Debug|Any CPU
		{B118A154-D2E8-4253-A9C7-48B0B0514C7C}.Release|Any CPU.ActiveCfg = Release|Any CPU
		{B118A154-D2E8-4253-A9C7-48B0B0514C7C}.Release|Any CPU.Build.0 = Release|Any CPU
		{B118A154-D2E8-4253-A9C7-48B0B0514C7C}.Release|Mixed Platforms.ActiveCfg = Release|Any CPU
		{B118A154-D2E8-4253-A9C7-48B0B0514C7C}.Release|Mixed Platforms.Build.0 = Release|Any CPU
		{B118A154-D2E8-4253-A9C7-48B0B0514C7C}.Release|x86.ActiveCfg = Release|Any CPU
		{B118A154-D2E8-4253-A9C7-48B0B0514C7C}.SingleImage|Any CPU.ActiveCfg = Release|Any CPU
		{B118A154-D2E8-4253-A9C7-48B0B0514C7C}.SingleImage|Any CPU.Build.0 = Release|Any CPU
		{B118A154-D2E8-4253-A9C7-48B0B0514C7C}.SingleImage|Mixed Platforms.ActiveCfg = Release|Any CPU
		{B118A154-D2E8-4253-A9C7-48B0B0514C7C}.SingleImage|Mixed Platforms.Build.0 = Release|Any CPU
		{B118A154-D2E8-4253-A9C7-48B0B0514C7C}.SingleImage|x86.ActiveCfg = Release|Any CPU
		{8674820F-8068-438E-A9F5-331A65AE78A1}.CD_ROM|Any CPU.ActiveCfg = Debug
		{8674820F-8068-438E-A9F5-331A65AE78A1}.CD_ROM|Any CPU.Build.0 = Debug
		{8674820F-8068-438E-A9F5-331A65AE78A1}.CD_ROM|Mixed Platforms.ActiveCfg = Debug
		{8674820F-8068-438E-A9F5-331A65AE78A1}.CD_ROM|Mixed Platforms.Build.0 = Debug
		{8674820F-8068-438E-A9F5-331A65AE78A1}.CD_ROM|x86.ActiveCfg = Debug
		{8674820F-8068-438E-A9F5-331A65AE78A1}.CD_ROM|x86.Build.0 = Debug
		{8674820F-8068-438E-A9F5-331A65AE78A1}.Debug|Any CPU.ActiveCfg = Debug
		{8674820F-8068-438E-A9F5-331A65AE78A1}.Debug|Mixed Platforms.ActiveCfg = Debug
		{8674820F-8068-438E-A9F5-331A65AE78A1}.Debug|x86.ActiveCfg = Debug
		{8674820F-8068-438E-A9F5-331A65AE78A1}.DVD-5|Any CPU.ActiveCfg = Debug
		{8674820F-8068-438E-A9F5-331A65AE78A1}.DVD-5|Any CPU.Build.0 = Debug
		{8674820F-8068-438E-A9F5-331A65AE78A1}.DVD-5|Mixed Platforms.ActiveCfg = Debug
		{8674820F-8068-438E-A9F5-331A65AE78A1}.DVD-5|Mixed Platforms.Build.0 = Debug
		{8674820F-8068-438E-A9F5-331A65AE78A1}.DVD-5|x86.ActiveCfg = Debug
		{8674820F-8068-438E-A9F5-331A65AE78A1}.DVD-5|x86.Build.0 = Debug
		{8674820F-8068-438E-A9F5-331A65AE78A1}.Release|Any CPU.ActiveCfg = Release
		{8674820F-8068-438E-A9F5-331A65AE78A1}.Release|Any CPU.Build.0 = Release
		{8674820F-8068-438E-A9F5-331A65AE78A1}.Release|Mixed Platforms.ActiveCfg = Release
		{8674820F-8068-438E-A9F5-331A65AE78A1}.Release|Mixed Platforms.Build.0 = Release
		{8674820F-8068-438E-A9F5-331A65AE78A1}.Release|x86.ActiveCfg = Release
		{8674820F-8068-438E-A9F5-331A65AE78A1}.SingleImage|Any CPU.ActiveCfg = Debug
		{8674820F-8068-438E-A9F5-331A65AE78A1}.SingleImage|Any CPU.Build.0 = Debug
		{8674820F-8068-438E-A9F5-331A65AE78A1}.SingleImage|Mixed Platforms.ActiveCfg = Debug
		{8674820F-8068-438E-A9F5-331A65AE78A1}.SingleImage|Mixed Platforms.Build.0 = Debug
		{8674820F-8068-438E-A9F5-331A65AE78A1}.SingleImage|x86.ActiveCfg = Debug
		{8674820F-8068-438E-A9F5-331A65AE78A1}.SingleImage|x86.Build.0 = Debug
		{F6CDC516-EC09-48F6-85B1-C5716979D6AB}.CD_ROM|Any CPU.ActiveCfg = Release|Any CPU
		{F6CDC516-EC09-48F6-85B1-C5716979D6AB}.CD_ROM|Any CPU.Build.0 = Release|Any CPU
		{F6CDC516-EC09-48F6-85B1-C5716979D6AB}.CD_ROM|Mixed Platforms.ActiveCfg = Release|Any CPU
		{F6CDC516-EC09-48F6-85B1-C5716979D6AB}.CD_ROM|Mixed Platforms.Build.0 = Release|Any CPU
		{F6CDC516-EC09-48F6-85B1-C5716979D6AB}.CD_ROM|x86.ActiveCfg = Release|Any CPU
		{F6CDC516-EC09-48F6-85B1-C5716979D6AB}.Debug|Any CPU.ActiveCfg = Debug|Any CPU
		{F6CDC516-EC09-48F6-85B1-C5716979D6AB}.Debug|Any CPU.Build.0 = Debug|Any CPU
		{F6CDC516-EC09-48F6-85B1-C5716979D6AB}.Debug|Mixed Platforms.ActiveCfg = Debug|Any CPU
		{F6CDC516-EC09-48F6-85B1-C5716979D6AB}.Debug|Mixed Platforms.Build.0 = Debug|Any CPU
		{F6CDC516-EC09-48F6-85B1-C5716979D6AB}.Debug|x86.ActiveCfg = Debug|Any CPU
		{F6CDC516-EC09-48F6-85B1-C5716979D6AB}.DVD-5|Any CPU.ActiveCfg = Debug|Any CPU
		{F6CDC516-EC09-48F6-85B1-C5716979D6AB}.DVD-5|Any CPU.Build.0 = Debug|Any CPU
		{F6CDC516-EC09-48F6-85B1-C5716979D6AB}.DVD-5|Mixed Platforms.ActiveCfg = Debug|Any CPU
		{F6CDC516-EC09-48F6-85B1-C5716979D6AB}.DVD-5|Mixed Platforms.Build.0 = Debug|Any CPU
		{F6CDC516-EC09-48F6-85B1-C5716979D6AB}.DVD-5|x86.ActiveCfg = Debug|Any CPU
		{F6CDC516-EC09-48F6-85B1-C5716979D6AB}.Release|Any CPU.ActiveCfg = Release|Any CPU
		{F6CDC516-EC09-48F6-85B1-C5716979D6AB}.Release|Any CPU.Build.0 = Release|Any CPU
		{F6CDC516-EC09-48F6-85B1-C5716979D6AB}.Release|Mixed Platforms.ActiveCfg = Release|Any CPU
		{F6CDC516-EC09-48F6-85B1-C5716979D6AB}.Release|Mixed Platforms.Build.0 = Release|Any CPU
		{F6CDC516-EC09-48F6-85B1-C5716979D6AB}.Release|x86.ActiveCfg = Release|Any CPU
		{F6CDC516-EC09-48F6-85B1-C5716979D6AB}.SingleImage|Any CPU.ActiveCfg = Release|Any CPU
		{F6CDC516-EC09-48F6-85B1-C5716979D6AB}.SingleImage|Any CPU.Build.0 = Release|Any CPU
		{F6CDC516-EC09-48F6-85B1-C5716979D6AB}.SingleImage|Mixed Platforms.ActiveCfg = Release|Any CPU
		{F6CDC516-EC09-48F6-85B1-C5716979D6AB}.SingleImage|Mixed Platforms.Build.0 = Release|Any CPU
		{F6CDC516-EC09-48F6-85B1-C5716979D6AB}.SingleImage|x86.ActiveCfg = Release|Any CPU
		{F6D89BB3-718F-4805-9032-C94D293BF986}.CD_ROM|Any CPU.ActiveCfg = Release|Any CPU
		{F6D89BB3-718F-4805-9032-C94D293BF986}.CD_ROM|Any CPU.Build.0 = Release|Any CPU
		{F6D89BB3-718F-4805-9032-C94D293BF986}.CD_ROM|Mixed Platforms.ActiveCfg = Release|Any CPU
		{F6D89BB3-718F-4805-9032-C94D293BF986}.CD_ROM|Mixed Platforms.Build.0 = Release|Any CPU
		{F6D89BB3-718F-4805-9032-C94D293BF986}.CD_ROM|x86.ActiveCfg = Release|Any CPU
		{F6D89BB3-718F-4805-9032-C94D293BF986}.Debug|Any CPU.ActiveCfg = Debug|Any CPU
		{F6D89BB3-718F-4805-9032-C94D293BF986}.Debug|Any CPU.Build.0 = Debug|Any CPU
		{F6D89BB3-718F-4805-9032-C94D293BF986}.Debug|Mixed Platforms.ActiveCfg = Debug|Any CPU
		{F6D89BB3-718F-4805-9032-C94D293BF986}.Debug|Mixed Platforms.Build.0 = Debug|Any CPU
		{F6D89BB3-718F-4805-9032-C94D293BF986}.Debug|x86.ActiveCfg = Debug|Any CPU
		{F6D89BB3-718F-4805-9032-C94D293BF986}.DVD-5|Any CPU.ActiveCfg = Debug|Any CPU
		{F6D89BB3-718F-4805-9032-C94D293BF986}.DVD-5|Any CPU.Build.0 = Debug|Any CPU
		{F6D89BB3-718F-4805-9032-C94D293BF986}.DVD-5|Mixed Platforms.ActiveCfg = Debug|Any CPU
		{F6D89BB3-718F-4805-9032-C94D293BF986}.DVD-5|Mixed Platforms.Build.0 = Debug|Any CPU
		{F6D89BB3-718F-4805-9032-C94D293BF986}.DVD-5|x86.ActiveCfg = Debug|Any CPU
		{F6D89BB3-718F-4805-9032-C94D293BF986}.Release|Any CPU.ActiveCfg = Release|Any CPU
		{F6D89BB3-718F-4805-9032-C94D293BF986}.Release|Any CPU.Build.0 = Release|Any CPU
		{F6D89BB3-718F-4805-9032-C94D293BF986}.Release|Mixed Platforms.ActiveCfg = Release|Any CPU
		{F6D89BB3-718F-4805-9032-C94D293BF986}.Release|Mixed Platforms.Build.0 = Release|Any CPU
		{F6D89BB3-718F-4805-9032-C94D293BF986}.Release|x86.ActiveCfg = Release|Any CPU
		{F6D89BB3-718F-4805-9032-C94D293BF986}.SingleImage|Any CPU.ActiveCfg = Release|Any CPU
		{F6D89BB3-718F-4805-9032-C94D293BF986}.SingleImage|Any CPU.Build.0 = Release|Any CPU
		{F6D89BB3-718F-4805-9032-C94D293BF986}.SingleImage|Mixed Platforms.ActiveCfg = Release|Any CPU
		{F6D89BB3-718F-4805-9032-C94D293BF986}.SingleImage|Mixed Platforms.Build.0 = Release|Any CPU
		{F6D89BB3-718F-4805-9032-C94D293BF986}.SingleImage|x86.ActiveCfg = Release|Any CPU
		{5ECA074D-70A4-491E-8BA1-A35631802734}.CD_ROM|Any CPU.ActiveCfg = Release|Any CPU
		{5ECA074D-70A4-491E-8BA1-A35631802734}.CD_ROM|Any CPU.Build.0 = Release|Any CPU
		{5ECA074D-70A4-491E-8BA1-A35631802734}.CD_ROM|Mixed Platforms.ActiveCfg = Release|Any CPU
		{5ECA074D-70A4-491E-8BA1-A35631802734}.CD_ROM|Mixed Platforms.Build.0 = Release|Any CPU
		{5ECA074D-70A4-491E-8BA1-A35631802734}.CD_ROM|x86.ActiveCfg = Release|Any CPU
		{5ECA074D-70A4-491E-8BA1-A35631802734}.Debug|Any CPU.ActiveCfg = Debug|Any CPU
		{5ECA074D-70A4-491E-8BA1-A35631802734}.Debug|Any CPU.Build.0 = Debug|Any CPU
		{5ECA074D-70A4-491E-8BA1-A35631802734}.Debug|Mixed Platforms.ActiveCfg = Debug|Any CPU
		{5ECA074D-70A4-491E-8BA1-A35631802734}.Debug|Mixed Platforms.Build.0 = Debug|Any CPU
		{5ECA074D-70A4-491E-8BA1-A35631802734}.Debug|x86.ActiveCfg = Debug|Any CPU
		{5ECA074D-70A4-491E-8BA1-A35631802734}.DVD-5|Any CPU.ActiveCfg = Debug|Any CPU
		{5ECA074D-70A4-491E-8BA1-A35631802734}.DVD-5|Any CPU.Build.0 = Debug|Any CPU
		{5ECA074D-70A4-491E-8BA1-A35631802734}.DVD-5|Mixed Platforms.ActiveCfg = Debug|Any CPU
		{5ECA074D-70A4-491E-8BA1-A35631802734}.DVD-5|Mixed Platforms.Build.0 = Debug|Any CPU
		{5ECA074D-70A4-491E-8BA1-A35631802734}.DVD-5|x86.ActiveCfg = Debug|Any CPU
		{5ECA074D-70A4-491E-8BA1-A35631802734}.Release|Any CPU.ActiveCfg = Release|Any CPU
		{5ECA074D-70A4-491E-8BA1-A35631802734}.Release|Any CPU.Build.0 = Release|Any CPU
		{5ECA074D-70A4-491E-8BA1-A35631802734}.Release|Mixed Platforms.ActiveCfg = Release|Any CPU
		{5ECA074D-70A4-491E-8BA1-A35631802734}.Release|Mixed Platforms.Build.0 = Release|Any CPU
		{5ECA074D-70A4-491E-8BA1-A35631802734}.Release|x86.ActiveCfg = Release|Any CPU
		{5ECA074D-70A4-491E-8BA1-A35631802734}.SingleImage|Any CPU.ActiveCfg = Release|Any CPU
		{5ECA074D-70A4-491E-8BA1-A35631802734}.SingleImage|Any CPU.Build.0 = Release|Any CPU
		{5ECA074D-70A4-491E-8BA1-A35631802734}.SingleImage|Mixed Platforms.ActiveCfg = Release|Any CPU
		{5ECA074D-70A4-491E-8BA1-A35631802734}.SingleImage|Mixed Platforms.Build.0 = Release|Any CPU
		{5ECA074D-70A4-491E-8BA1-A35631802734}.SingleImage|x86.ActiveCfg = Release|Any CPU
		{63B765BA-0CD8-47B7-B04E-71F1D7A7846C}.CD_ROM|Any CPU.ActiveCfg = Release|Any CPU
		{63B765BA-0CD8-47B7-B04E-71F1D7A7846C}.CD_ROM|Any CPU.Build.0 = Release|Any CPU
		{63B765BA-0CD8-47B7-B04E-71F1D7A7846C}.CD_ROM|Mixed Platforms.ActiveCfg = Release|Any CPU
		{63B765BA-0CD8-47B7-B04E-71F1D7A7846C}.CD_ROM|Mixed Platforms.Build.0 = Release|Any CPU
		{63B765BA-0CD8-47B7-B04E-71F1D7A7846C}.CD_ROM|x86.ActiveCfg = Release|Any CPU
		{63B765BA-0CD8-47B7-B04E-71F1D7A7846C}.CD_ROM|x86.Build.0 = Release|Any CPU
		{63B765BA-0CD8-47B7-B04E-71F1D7A7846C}.Debug|Any CPU.ActiveCfg = Debug|Any CPU
		{63B765BA-0CD8-47B7-B04E-71F1D7A7846C}.Debug|Any CPU.Build.0 = Debug|Any CPU
		{63B765BA-0CD8-47B7-B04E-71F1D7A7846C}.Debug|Mixed Platforms.ActiveCfg = Debug|Any CPU
		{63B765BA-0CD8-47B7-B04E-71F1D7A7846C}.Debug|Mixed Platforms.Build.0 = Debug|Any CPU
		{63B765BA-0CD8-47B7-B04E-71F1D7A7846C}.Debug|x86.ActiveCfg = Debug|Any CPU
		{63B765BA-0CD8-47B7-B04E-71F1D7A7846C}.Debug|x86.Build.0 = Debug|Any CPU
		{63B765BA-0CD8-47B7-B04E-71F1D7A7846C}.DVD-5|Any CPU.ActiveCfg = Debug|Any CPU
		{63B765BA-0CD8-47B7-B04E-71F1D7A7846C}.DVD-5|Any CPU.Build.0 = Debug|Any CPU
		{63B765BA-0CD8-47B7-B04E-71F1D7A7846C}.DVD-5|Mixed Platforms.ActiveCfg = Debug|Any CPU
		{63B765BA-0CD8-47B7-B04E-71F1D7A7846C}.DVD-5|Mixed Platforms.Build.0 = Debug|Any CPU
		{63B765BA-0CD8-47B7-B04E-71F1D7A7846C}.DVD-5|x86.ActiveCfg = Debug|Any CPU
		{63B765BA-0CD8-47B7-B04E-71F1D7A7846C}.DVD-5|x86.Build.0 = Debug|Any CPU
		{63B765BA-0CD8-47B7-B04E-71F1D7A7846C}.Release|Any CPU.ActiveCfg = Release|Any CPU
		{63B765BA-0CD8-47B7-B04E-71F1D7A7846C}.Release|Any CPU.Build.0 = Release|Any CPU
		{63B765BA-0CD8-47B7-B04E-71F1D7A7846C}.Release|Mixed Platforms.ActiveCfg = Release|Any CPU
		{63B765BA-0CD8-47B7-B04E-71F1D7A7846C}.Release|Mixed Platforms.Build.0 = Release|Any CPU
		{63B765BA-0CD8-47B7-B04E-71F1D7A7846C}.Release|x86.ActiveCfg = Release|Any CPU
		{63B765BA-0CD8-47B7-B04E-71F1D7A7846C}.Release|x86.Build.0 = Release|Any CPU
		{63B765BA-0CD8-47B7-B04E-71F1D7A7846C}.SingleImage|Any CPU.ActiveCfg = Release|Any CPU
		{63B765BA-0CD8-47B7-B04E-71F1D7A7846C}.SingleImage|Any CPU.Build.0 = Release|Any CPU
		{63B765BA-0CD8-47B7-B04E-71F1D7A7846C}.SingleImage|Mixed Platforms.ActiveCfg = Release|Any CPU
		{63B765BA-0CD8-47B7-B04E-71F1D7A7846C}.SingleImage|Mixed Platforms.Build.0 = Release|Any CPU
		{63B765BA-0CD8-47B7-B04E-71F1D7A7846C}.SingleImage|x86.ActiveCfg = Release|Any CPU
		{63B765BA-0CD8-47B7-B04E-71F1D7A7846C}.SingleImage|x86.Build.0 = Release|Any CPU
		{134C59C6-09B6-4B05-BDBA-C7A8DBE8762E}.CD_ROM|Any CPU.ActiveCfg = Release|Any CPU
		{134C59C6-09B6-4B05-BDBA-C7A8DBE8762E}.CD_ROM|Any CPU.Build.0 = Release|Any CPU
		{134C59C6-09B6-4B05-BDBA-C7A8DBE8762E}.CD_ROM|Mixed Platforms.ActiveCfg = Release|Any CPU
		{134C59C6-09B6-4B05-BDBA-C7A8DBE8762E}.CD_ROM|Mixed Platforms.Build.0 = Release|Any CPU
		{134C59C6-09B6-4B05-BDBA-C7A8DBE8762E}.CD_ROM|x86.ActiveCfg = Release|Any CPU
		{134C59C6-09B6-4B05-BDBA-C7A8DBE8762E}.CD_ROM|x86.Build.0 = Release|Any CPU
		{134C59C6-09B6-4B05-BDBA-C7A8DBE8762E}.Debug|Any CPU.ActiveCfg = Debug|Any CPU
		{134C59C6-09B6-4B05-BDBA-C7A8DBE8762E}.Debug|Any CPU.Build.0 = Debug|Any CPU
		{134C59C6-09B6-4B05-BDBA-C7A8DBE8762E}.Debug|Mixed Platforms.ActiveCfg = Debug|Any CPU
		{134C59C6-09B6-4B05-BDBA-C7A8DBE8762E}.Debug|Mixed Platforms.Build.0 = Debug|Any CPU
		{134C59C6-09B6-4B05-BDBA-C7A8DBE8762E}.Debug|x86.ActiveCfg = Debug|Any CPU
		{134C59C6-09B6-4B05-BDBA-C7A8DBE8762E}.Debug|x86.Build.0 = Debug|Any CPU
		{134C59C6-09B6-4B05-BDBA-C7A8DBE8762E}.DVD-5|Any CPU.ActiveCfg = Debug|Any CPU
		{134C59C6-09B6-4B05-BDBA-C7A8DBE8762E}.DVD-5|Any CPU.Build.0 = Debug|Any CPU
		{134C59C6-09B6-4B05-BDBA-C7A8DBE8762E}.DVD-5|Mixed Platforms.ActiveCfg = Debug|Any CPU
		{134C59C6-09B6-4B05-BDBA-C7A8DBE8762E}.DVD-5|Mixed Platforms.Build.0 = Debug|Any CPU
		{134C59C6-09B6-4B05-BDBA-C7A8DBE8762E}.DVD-5|x86.ActiveCfg = Debug|Any CPU
		{134C59C6-09B6-4B05-BDBA-C7A8DBE8762E}.DVD-5|x86.Build.0 = Debug|Any CPU
		{134C59C6-09B6-4B05-BDBA-C7A8DBE8762E}.Release|Any CPU.ActiveCfg = Release|Any CPU
		{134C59C6-09B6-4B05-BDBA-C7A8DBE8762E}.Release|Any CPU.Build.0 = Release|Any CPU
		{134C59C6-09B6-4B05-BDBA-C7A8DBE8762E}.Release|Mixed Platforms.ActiveCfg = Release|Any CPU
		{134C59C6-09B6-4B05-BDBA-C7A8DBE8762E}.Release|Mixed Platforms.Build.0 = Release|Any CPU
		{134C59C6-09B6-4B05-BDBA-C7A8DBE8762E}.Release|x86.ActiveCfg = Release|Any CPU
		{134C59C6-09B6-4B05-BDBA-C7A8DBE8762E}.Release|x86.Build.0 = Release|Any CPU
		{134C59C6-09B6-4B05-BDBA-C7A8DBE8762E}.SingleImage|Any CPU.ActiveCfg = Release|Any CPU
		{134C59C6-09B6-4B05-BDBA-C7A8DBE8762E}.SingleImage|Any CPU.Build.0 = Release|Any CPU
		{134C59C6-09B6-4B05-BDBA-C7A8DBE8762E}.SingleImage|Mixed Platforms.ActiveCfg = Release|Any CPU
		{134C59C6-09B6-4B05-BDBA-C7A8DBE8762E}.SingleImage|Mixed Platforms.Build.0 = Release|Any CPU
		{134C59C6-09B6-4B05-BDBA-C7A8DBE8762E}.SingleImage|x86.ActiveCfg = Release|Any CPU
		{134C59C6-09B6-4B05-BDBA-C7A8DBE8762E}.SingleImage|x86.Build.0 = Release|Any CPU
		{D015254D-CDAA-4C4E-ACC2-76F59C787080}.CD_ROM|Any CPU.ActiveCfg = Release|Any CPU
		{D015254D-CDAA-4C4E-ACC2-76F59C787080}.CD_ROM|Any CPU.Build.0 = Release|Any CPU
		{D015254D-CDAA-4C4E-ACC2-76F59C787080}.CD_ROM|Mixed Platforms.ActiveCfg = Release|Any CPU
		{D015254D-CDAA-4C4E-ACC2-76F59C787080}.CD_ROM|Mixed Platforms.Build.0 = Release|Any CPU
		{D015254D-CDAA-4C4E-ACC2-76F59C787080}.CD_ROM|x86.ActiveCfg = Release|Any CPU
		{D015254D-CDAA-4C4E-ACC2-76F59C787080}.CD_ROM|x86.Build.0 = Release|Any CPU
		{D015254D-CDAA-4C4E-ACC2-76F59C787080}.Debug|Any CPU.ActiveCfg = Debug|Any CPU
		{D015254D-CDAA-4C4E-ACC2-76F59C787080}.Debug|Any CPU.Build.0 = Debug|Any CPU
		{D015254D-CDAA-4C4E-ACC2-76F59C787080}.Debug|Mixed Platforms.ActiveCfg = Debug|Any CPU
		{D015254D-CDAA-4C4E-ACC2-76F59C787080}.Debug|Mixed Platforms.Build.0 = Debug|Any CPU
		{D015254D-CDAA-4C4E-ACC2-76F59C787080}.Debug|x86.ActiveCfg = Debug|Any CPU
		{D015254D-CDAA-4C4E-ACC2-76F59C787080}.Debug|x86.Build.0 = Debug|Any CPU
		{D015254D-CDAA-4C4E-ACC2-76F59C787080}.DVD-5|Any CPU.ActiveCfg = Debug|Any CPU
		{D015254D-CDAA-4C4E-ACC2-76F59C787080}.DVD-5|Any CPU.Build.0 = Debug|Any CPU
		{D015254D-CDAA-4C4E-ACC2-76F59C787080}.DVD-5|Mixed Platforms.ActiveCfg = Debug|Any CPU
		{D015254D-CDAA-4C4E-ACC2-76F59C787080}.DVD-5|Mixed Platforms.Build.0 = Debug|Any CPU
		{D015254D-CDAA-4C4E-ACC2-76F59C787080}.DVD-5|x86.ActiveCfg = Debug|Any CPU
		{D015254D-CDAA-4C4E-ACC2-76F59C787080}.DVD-5|x86.Build.0 = Debug|Any CPU
		{D015254D-CDAA-4C4E-ACC2-76F59C787080}.Release|Any CPU.ActiveCfg = Release|Any CPU
		{D015254D-CDAA-4C4E-ACC2-76F59C787080}.Release|Any CPU.Build.0 = Release|Any CPU
		{D015254D-CDAA-4C4E-ACC2-76F59C787080}.Release|Mixed Platforms.ActiveCfg = Release|Any CPU
		{D015254D-CDAA-4C4E-ACC2-76F59C787080}.Release|Mixed Platforms.Build.0 = Release|Any CPU
		{D015254D-CDAA-4C4E-ACC2-76F59C787080}.Release|x86.ActiveCfg = Release|Any CPU
		{D015254D-CDAA-4C4E-ACC2-76F59C787080}.Release|x86.Build.0 = Release|Any CPU
		{D015254D-CDAA-4C4E-ACC2-76F59C787080}.SingleImage|Any CPU.ActiveCfg = Release|Any CPU
		{D015254D-CDAA-4C4E-ACC2-76F59C787080}.SingleImage|Any CPU.Build.0 = Release|Any CPU
		{D015254D-CDAA-4C4E-ACC2-76F59C787080}.SingleImage|Mixed Platforms.ActiveCfg = Release|Any CPU
		{D015254D-CDAA-4C4E-ACC2-76F59C787080}.SingleImage|Mixed Platforms.Build.0 = Release|Any CPU
		{D015254D-CDAA-4C4E-ACC2-76F59C787080}.SingleImage|x86.ActiveCfg = Release|Any CPU
		{D015254D-CDAA-4C4E-ACC2-76F59C787080}.SingleImage|x86.Build.0 = Release|Any CPU
		{CFA433B8-85E2-4AB8-9AC1-5F65056D0748}.CD_ROM|Any CPU.ActiveCfg = Release|Any CPU
		{CFA433B8-85E2-4AB8-9AC1-5F65056D0748}.CD_ROM|Any CPU.Build.0 = Release|Any CPU
		{CFA433B8-85E2-4AB8-9AC1-5F65056D0748}.CD_ROM|Mixed Platforms.ActiveCfg = Release|Any CPU
		{CFA433B8-85E2-4AB8-9AC1-5F65056D0748}.CD_ROM|Mixed Platforms.Build.0 = Release|Any CPU
		{CFA433B8-85E2-4AB8-9AC1-5F65056D0748}.CD_ROM|x86.ActiveCfg = Release|Any CPU
		{CFA433B8-85E2-4AB8-9AC1-5F65056D0748}.CD_ROM|x86.Build.0 = Release|Any CPU
		{CFA433B8-85E2-4AB8-9AC1-5F65056D0748}.Debug|Any CPU.ActiveCfg = Debug|Any CPU
		{CFA433B8-85E2-4AB8-9AC1-5F65056D0748}.Debug|Any CPU.Build.0 = Debug|Any CPU
		{CFA433B8-85E2-4AB8-9AC1-5F65056D0748}.Debug|Mixed Platforms.ActiveCfg = Debug|Any CPU
		{CFA433B8-85E2-4AB8-9AC1-5F65056D0748}.Debug|Mixed Platforms.Build.0 = Debug|Any CPU
		{CFA433B8-85E2-4AB8-9AC1-5F65056D0748}.Debug|x86.ActiveCfg = Debug|Any CPU
		{CFA433B8-85E2-4AB8-9AC1-5F65056D0748}.Debug|x86.Build.0 = Debug|Any CPU
		{CFA433B8-85E2-4AB8-9AC1-5F65056D0748}.DVD-5|Any CPU.ActiveCfg = Debug|Any CPU
		{CFA433B8-85E2-4AB8-9AC1-5F65056D0748}.DVD-5|Any CPU.Build.0 = Debug|Any CPU
		{CFA433B8-85E2-4AB8-9AC1-5F65056D0748}.DVD-5|Mixed Platforms.ActiveCfg = Debug|Any CPU
		{CFA433B8-85E2-4AB8-9AC1-5F65056D0748}.DVD-5|Mixed Platforms.Build.0 = Debug|Any CPU
		{CFA433B8-85E2-4AB8-9AC1-5F65056D0748}.DVD-5|x86.ActiveCfg = Debug|Any CPU
		{CFA433B8-85E2-4AB8-9AC1-5F65056D0748}.DVD-5|x86.Build.0 = Debug|Any CPU
		{CFA433B8-85E2-4AB8-9AC1-5F65056D0748}.Release|Any CPU.ActiveCfg = Release|Any CPU
		{CFA433B8-85E2-4AB8-9AC1-5F65056D0748}.Release|Any CPU.Build.0 = Release|Any CPU
		{CFA433B8-85E2-4AB8-9AC1-5F65056D0748}.Release|Mixed Platforms.ActiveCfg = Release|Any CPU
		{CFA433B8-85E2-4AB8-9AC1-5F65056D0748}.Release|Mixed Platforms.Build.0 = Release|Any CPU
		{CFA433B8-85E2-4AB8-9AC1-5F65056D0748}.Release|x86.ActiveCfg = Release|Any CPU
		{CFA433B8-85E2-4AB8-9AC1-5F65056D0748}.Release|x86.Build.0 = Release|Any CPU
		{CFA433B8-85E2-4AB8-9AC1-5F65056D0748}.SingleImage|Any CPU.ActiveCfg = Release|Any CPU
		{CFA433B8-85E2-4AB8-9AC1-5F65056D0748}.SingleImage|Any CPU.Build.0 = Release|Any CPU
		{CFA433B8-85E2-4AB8-9AC1-5F65056D0748}.SingleImage|Mixed Platforms.ActiveCfg = Release|Any CPU
		{CFA433B8-85E2-4AB8-9AC1-5F65056D0748}.SingleImage|Mixed Platforms.Build.0 = Release|Any CPU
		{CFA433B8-85E2-4AB8-9AC1-5F65056D0748}.SingleImage|x86.ActiveCfg = Release|Any CPU
		{CFA433B8-85E2-4AB8-9AC1-5F65056D0748}.SingleImage|x86.Build.0 = Release|Any CPU
		{FFDD1198-AF80-4D79-9CA5-EAD618DCB063}.CD_ROM|Any CPU.ActiveCfg = Release|Any CPU
		{FFDD1198-AF80-4D79-9CA5-EAD618DCB063}.CD_ROM|Any CPU.Build.0 = Release|Any CPU
		{FFDD1198-AF80-4D79-9CA5-EAD618DCB063}.CD_ROM|Mixed Platforms.ActiveCfg = Release|Any CPU
		{FFDD1198-AF80-4D79-9CA5-EAD618DCB063}.CD_ROM|Mixed Platforms.Build.0 = Release|Any CPU
		{FFDD1198-AF80-4D79-9CA5-EAD618DCB063}.CD_ROM|x86.ActiveCfg = Release|Any CPU
		{FFDD1198-AF80-4D79-9CA5-EAD618DCB063}.CD_ROM|x86.Build.0 = Release|Any CPU
		{FFDD1198-AF80-4D79-9CA5-EAD618DCB063}.Debug|Any CPU.ActiveCfg = Debug|Any CPU
		{FFDD1198-AF80-4D79-9CA5-EAD618DCB063}.Debug|Any CPU.Build.0 = Debug|Any CPU
		{FFDD1198-AF80-4D79-9CA5-EAD618DCB063}.Debug|Mixed Platforms.ActiveCfg = Debug|Any CPU
		{FFDD1198-AF80-4D79-9CA5-EAD618DCB063}.Debug|Mixed Platforms.Build.0 = Debug|Any CPU
		{FFDD1198-AF80-4D79-9CA5-EAD618DCB063}.Debug|x86.ActiveCfg = Debug|Any CPU
		{FFDD1198-AF80-4D79-9CA5-EAD618DCB063}.Debug|x86.Build.0 = Debug|Any CPU
		{FFDD1198-AF80-4D79-9CA5-EAD618DCB063}.DVD-5|Any CPU.ActiveCfg = Debug|Any CPU
		{FFDD1198-AF80-4D79-9CA5-EAD618DCB063}.DVD-5|Any CPU.Build.0 = Debug|Any CPU
		{FFDD1198-AF80-4D79-9CA5-EAD618DCB063}.DVD-5|Mixed Platforms.ActiveCfg = Debug|Any CPU
		{FFDD1198-AF80-4D79-9CA5-EAD618DCB063}.DVD-5|Mixed Platforms.Build.0 = Debug|Any CPU
		{FFDD1198-AF80-4D79-9CA5-EAD618DCB063}.DVD-5|x86.ActiveCfg = Debug|Any CPU
		{FFDD1198-AF80-4D79-9CA5-EAD618DCB063}.DVD-5|x86.Build.0 = Debug|Any CPU
		{FFDD1198-AF80-4D79-9CA5-EAD618DCB063}.Release|Any CPU.ActiveCfg = Release|Any CPU
		{FFDD1198-AF80-4D79-9CA5-EAD618DCB063}.Release|Any CPU.Build.0 = Release|Any CPU
		{FFDD1198-AF80-4D79-9CA5-EAD618DCB063}.Release|Mixed Platforms.ActiveCfg = Release|Any CPU
		{FFDD1198-AF80-4D79-9CA5-EAD618DCB063}.Release|Mixed Platforms.Build.0 = Release|Any CPU
		{FFDD1198-AF80-4D79-9CA5-EAD618DCB063}.Release|x86.ActiveCfg = Release|Any CPU
		{FFDD1198-AF80-4D79-9CA5-EAD618DCB063}.Release|x86.Build.0 = Release|Any CPU
		{FFDD1198-AF80-4D79-9CA5-EAD618DCB063}.SingleImage|Any CPU.ActiveCfg = Release|Any CPU
		{FFDD1198-AF80-4D79-9CA5-EAD618DCB063}.SingleImage|Any CPU.Build.0 = Release|Any CPU
		{FFDD1198-AF80-4D79-9CA5-EAD618DCB063}.SingleImage|Mixed Platforms.ActiveCfg = Release|Any CPU
		{FFDD1198-AF80-4D79-9CA5-EAD618DCB063}.SingleImage|Mixed Platforms.Build.0 = Release|Any CPU
		{FFDD1198-AF80-4D79-9CA5-EAD618DCB063}.SingleImage|x86.ActiveCfg = Release|Any CPU
		{FFDD1198-AF80-4D79-9CA5-EAD618DCB063}.SingleImage|x86.Build.0 = Release|Any CPU
		{5776B619-0A64-4EF1-BAC3-707D3609E862}.CD_ROM|Any CPU.ActiveCfg = Release|Any CPU
		{5776B619-0A64-4EF1-BAC3-707D3609E862}.CD_ROM|Any CPU.Build.0 = Release|Any CPU
		{5776B619-0A64-4EF1-BAC3-707D3609E862}.CD_ROM|Mixed Platforms.ActiveCfg = Release|Any CPU
		{5776B619-0A64-4EF1-BAC3-707D3609E862}.CD_ROM|Mixed Platforms.Build.0 = Release|Any CPU
		{5776B619-0A64-4EF1-BAC3-707D3609E862}.CD_ROM|x86.ActiveCfg = Release|Any CPU
		{5776B619-0A64-4EF1-BAC3-707D3609E862}.CD_ROM|x86.Build.0 = Release|Any CPU
		{5776B619-0A64-4EF1-BAC3-707D3609E862}.Debug|Any CPU.ActiveCfg = Debug|Any CPU
		{5776B619-0A64-4EF1-BAC3-707D3609E862}.Debug|Any CPU.Build.0 = Debug|Any CPU
		{5776B619-0A64-4EF1-BAC3-707D3609E862}.Debug|Mixed Platforms.ActiveCfg = Debug|Any CPU
		{5776B619-0A64-4EF1-BAC3-707D3609E862}.Debug|Mixed Platforms.Build.0 = Debug|Any CPU
		{5776B619-0A64-4EF1-BAC3-707D3609E862}.Debug|x86.ActiveCfg = Debug|Any CPU
		{5776B619-0A64-4EF1-BAC3-707D3609E862}.Debug|x86.Build.0 = Debug|Any CPU
		{5776B619-0A64-4EF1-BAC3-707D3609E862}.DVD-5|Any CPU.ActiveCfg = Debug|Any CPU
		{5776B619-0A64-4EF1-BAC3-707D3609E862}.DVD-5|Any CPU.Build.0 = Debug|Any CPU
		{5776B619-0A64-4EF1-BAC3-707D3609E862}.DVD-5|Mixed Platforms.ActiveCfg = Debug|Any CPU
		{5776B619-0A64-4EF1-BAC3-707D3609E862}.DVD-5|Mixed Platforms.Build.0 = Debug|Any CPU
		{5776B619-0A64-4EF1-BAC3-707D3609E862}.DVD-5|x86.ActiveCfg = Debug|Any CPU
		{5776B619-0A64-4EF1-BAC3-707D3609E862}.DVD-5|x86.Build.0 = Debug|Any CPU
		{5776B619-0A64-4EF1-BAC3-707D3609E862}.Release|Any CPU.ActiveCfg = Release|Any CPU
		{5776B619-0A64-4EF1-BAC3-707D3609E862}.Release|Any CPU.Build.0 = Release|Any CPU
		{5776B619-0A64-4EF1-BAC3-707D3609E862}.Release|Mixed Platforms.ActiveCfg = Release|Any CPU
		{5776B619-0A64-4EF1-BAC3-707D3609E862}.Release|Mixed Platforms.Build.0 = Release|Any CPU
		{5776B619-0A64-4EF1-BAC3-707D3609E862}.Release|x86.ActiveCfg = Release|Any CPU
		{5776B619-0A64-4EF1-BAC3-707D3609E862}.Release|x86.Build.0 = Release|Any CPU
		{5776B619-0A64-4EF1-BAC3-707D3609E862}.SingleImage|Any CPU.ActiveCfg = Release|Any CPU
		{5776B619-0A64-4EF1-BAC3-707D3609E862}.SingleImage|Any CPU.Build.0 = Release|Any CPU
		{5776B619-0A64-4EF1-BAC3-707D3609E862}.SingleImage|Mixed Platforms.ActiveCfg = Release|Any CPU
		{5776B619-0A64-4EF1-BAC3-707D3609E862}.SingleImage|Mixed Platforms.Build.0 = Release|Any CPU
		{5776B619-0A64-4EF1-BAC3-707D3609E862}.SingleImage|x86.ActiveCfg = Release|Any CPU
		{5776B619-0A64-4EF1-BAC3-707D3609E862}.SingleImage|x86.Build.0 = Release|Any CPU
		{E2B37E68-5FD4-45C0-9355-B7D8DE8B8B72}.CD_ROM|Any CPU.ActiveCfg = Release|Any CPU
		{E2B37E68-5FD4-45C0-9355-B7D8DE8B8B72}.CD_ROM|Any CPU.Build.0 = Release|Any CPU
		{E2B37E68-5FD4-45C0-9355-B7D8DE8B8B72}.CD_ROM|Mixed Platforms.ActiveCfg = Release|Any CPU
		{E2B37E68-5FD4-45C0-9355-B7D8DE8B8B72}.CD_ROM|Mixed Platforms.Build.0 = Release|Any CPU
		{E2B37E68-5FD4-45C0-9355-B7D8DE8B8B72}.CD_ROM|x86.ActiveCfg = Release|Any CPU
		{E2B37E68-5FD4-45C0-9355-B7D8DE8B8B72}.CD_ROM|x86.Build.0 = Release|Any CPU
		{E2B37E68-5FD4-45C0-9355-B7D8DE8B8B72}.Debug|Any CPU.ActiveCfg = Debug|Any CPU
		{E2B37E68-5FD4-45C0-9355-B7D8DE8B8B72}.Debug|Any CPU.Build.0 = Debug|Any CPU
		{E2B37E68-5FD4-45C0-9355-B7D8DE8B8B72}.Debug|Mixed Platforms.ActiveCfg = Debug|Any CPU
		{E2B37E68-5FD4-45C0-9355-B7D8DE8B8B72}.Debug|Mixed Platforms.Build.0 = Debug|Any CPU
		{E2B37E68-5FD4-45C0-9355-B7D8DE8B8B72}.Debug|x86.ActiveCfg = Debug|Any CPU
		{E2B37E68-5FD4-45C0-9355-B7D8DE8B8B72}.Debug|x86.Build.0 = Debug|Any CPU
		{E2B37E68-5FD4-45C0-9355-B7D8DE8B8B72}.DVD-5|Any CPU.ActiveCfg = Debug|Any CPU
		{E2B37E68-5FD4-45C0-9355-B7D8DE8B8B72}.DVD-5|Any CPU.Build.0 = Debug|Any CPU
		{E2B37E68-5FD4-45C0-9355-B7D8DE8B8B72}.DVD-5|Mixed Platforms.ActiveCfg = Debug|Any CPU
		{E2B37E68-5FD4-45C0-9355-B7D8DE8B8B72}.DVD-5|Mixed Platforms.Build.0 = Debug|Any CPU
		{E2B37E68-5FD4-45C0-9355-B7D8DE8B8B72}.DVD-5|x86.ActiveCfg = Debug|Any CPU
		{E2B37E68-5FD4-45C0-9355-B7D8DE8B8B72}.DVD-5|x86.Build.0 = Debug|Any CPU
		{E2B37E68-5FD4-45C0-9355-B7D8DE8B8B72}.Release|Any CPU.ActiveCfg = Release|Any CPU
		{E2B37E68-5FD4-45C0-9355-B7D8DE8B8B72}.Release|Any CPU.Build.0 = Release|Any CPU
		{E2B37E68-5FD4-45C0-9355-B7D8DE8B8B72}.Release|Mixed Platforms.ActiveCfg = Release|Any CPU
		{E2B37E68-5FD4-45C0-9355-B7D8DE8B8B72}.Release|Mixed Platforms.Build.0 = Release|Any CPU
		{E2B37E68-5FD4-45C0-9355-B7D8DE8B8B72}.Release|x86.ActiveCfg = Release|Any CPU
		{E2B37E68-5FD4-45C0-9355-B7D8DE8B8B72}.Release|x86.Build.0 = Release|Any CPU
		{E2B37E68-5FD4-45C0-9355-B7D8DE8B8B72}.SingleImage|Any CPU.ActiveCfg = Release|Any CPU
		{E2B37E68-5FD4-45C0-9355-B7D8DE8B8B72}.SingleImage|Any CPU.Build.0 = Release|Any CPU
		{E2B37E68-5FD4-45C0-9355-B7D8DE8B8B72}.SingleImage|Mixed Platforms.ActiveCfg = Release|Any CPU
		{E2B37E68-5FD4-45C0-9355-B7D8DE8B8B72}.SingleImage|Mixed Platforms.Build.0 = Release|Any CPU
		{E2B37E68-5FD4-45C0-9355-B7D8DE8B8B72}.SingleImage|x86.ActiveCfg = Release|Any CPU
		{E2B37E68-5FD4-45C0-9355-B7D8DE8B8B72}.SingleImage|x86.Build.0 = Release|Any CPU
		{B5BD8E13-8E95-4A2C-9C3C-A5FB5FA6AD38}.CD_ROM|Any CPU.ActiveCfg = Debug|Any CPU
		{B5BD8E13-8E95-4A2C-9C3C-A5FB5FA6AD38}.CD_ROM|Any CPU.Build.0 = Debug|Any CPU
		{B5BD8E13-8E95-4A2C-9C3C-A5FB5FA6AD38}.CD_ROM|Mixed Platforms.ActiveCfg = Debug|Any CPU
		{B5BD8E13-8E95-4A2C-9C3C-A5FB5FA6AD38}.CD_ROM|Mixed Platforms.Build.0 = Debug|Any CPU
		{B5BD8E13-8E95-4A2C-9C3C-A5FB5FA6AD38}.CD_ROM|x86.ActiveCfg = Debug|Any CPU
		{B5BD8E13-8E95-4A2C-9C3C-A5FB5FA6AD38}.CD_ROM|x86.Build.0 = Debug|Any CPU
		{B5BD8E13-8E95-4A2C-9C3C-A5FB5FA6AD38}.Debug|Any CPU.ActiveCfg = Debug|Any CPU
		{B5BD8E13-8E95-4A2C-9C3C-A5FB5FA6AD38}.Debug|Any CPU.Build.0 = Debug|Any CPU
		{B5BD8E13-8E95-4A2C-9C3C-A5FB5FA6AD38}.Debug|Mixed Platforms.ActiveCfg = Debug|Any CPU
		{B5BD8E13-8E95-4A2C-9C3C-A5FB5FA6AD38}.Debug|Mixed Platforms.Build.0 = Debug|Any CPU
		{B5BD8E13-8E95-4A2C-9C3C-A5FB5FA6AD38}.Debug|x86.ActiveCfg = Debug|Any CPU
		{B5BD8E13-8E95-4A2C-9C3C-A5FB5FA6AD38}.Debug|x86.Build.0 = Debug|Any CPU
		{B5BD8E13-8E95-4A2C-9C3C-A5FB5FA6AD38}.DVD-5|Any CPU.ActiveCfg = Debug|Any CPU
		{B5BD8E13-8E95-4A2C-9C3C-A5FB5FA6AD38}.DVD-5|Any CPU.Build.0 = Debug|Any CPU
		{B5BD8E13-8E95-4A2C-9C3C-A5FB5FA6AD38}.DVD-5|Mixed Platforms.ActiveCfg = Debug|Any CPU
		{B5BD8E13-8E95-4A2C-9C3C-A5FB5FA6AD38}.DVD-5|Mixed Platforms.Build.0 = Debug|Any CPU
		{B5BD8E13-8E95-4A2C-9C3C-A5FB5FA6AD38}.DVD-5|x86.ActiveCfg = Debug|Any CPU
		{B5BD8E13-8E95-4A2C-9C3C-A5FB5FA6AD38}.DVD-5|x86.Build.0 = Debug|Any CPU
		{B5BD8E13-8E95-4A2C-9C3C-A5FB5FA6AD38}.Release|Any CPU.ActiveCfg = Release|Any CPU
		{B5BD8E13-8E95-4A2C-9C3C-A5FB5FA6AD38}.Release|Any CPU.Build.0 = Release|Any CPU
		{B5BD8E13-8E95-4A2C-9C3C-A5FB5FA6AD38}.Release|Mixed Platforms.ActiveCfg = Release|Any CPU
		{B5BD8E13-8E95-4A2C-9C3C-A5FB5FA6AD38}.Release|Mixed Platforms.Build.0 = Release|Any CPU
		{B5BD8E13-8E95-4A2C-9C3C-A5FB5FA6AD38}.Release|x86.ActiveCfg = Release|Any CPU
		{B5BD8E13-8E95-4A2C-9C3C-A5FB5FA6AD38}.Release|x86.Build.0 = Release|Any CPU
		{B5BD8E13-8E95-4A2C-9C3C-A5FB5FA6AD38}.SingleImage|Any CPU.ActiveCfg = Debug|Any CPU
		{B5BD8E13-8E95-4A2C-9C3C-A5FB5FA6AD38}.SingleImage|Any CPU.Build.0 = Debug|Any CPU
		{B5BD8E13-8E95-4A2C-9C3C-A5FB5FA6AD38}.SingleImage|Mixed Platforms.ActiveCfg = Debug|Any CPU
		{B5BD8E13-8E95-4A2C-9C3C-A5FB5FA6AD38}.SingleImage|Mixed Platforms.Build.0 = Debug|Any CPU
		{B5BD8E13-8E95-4A2C-9C3C-A5FB5FA6AD38}.SingleImage|x86.ActiveCfg = Debug|Any CPU
		{B5BD8E13-8E95-4A2C-9C3C-A5FB5FA6AD38}.SingleImage|x86.Build.0 = Debug|Any CPU
	EndGlobalSection
	GlobalSection(SolutionProperties) = preSolution
		HideSolutionNode = FALSE
	EndGlobalSection
	GlobalSection(NestedProjects) = preSolution
		{A207FBFF-EA20-4EDD-B8A0-A981EBF342EB} = {8C85FFC1-9917-4EFC-B4D4-0AE4103BD1F2}
		{BA2F5303-E44D-4CA7-B05C-A37C70EE18DA} = {A207FBFF-EA20-4EDD-B8A0-A981EBF342EB}
		{5E4DD54C-E521-4CB3-BFE2-078C5A4E3920} = {A207FBFF-EA20-4EDD-B8A0-A981EBF342EB}
	EndGlobalSection
	GlobalSection(ExtensibilityGlobals) = postSolution
		SolutionGuid = {3A992AFB-62A6-4FED-A886-4D5D354EF897}
	EndGlobalSection
	GlobalSection(TestCaseManagementSettings) = postSolution
		CategoryFile = NextPlayer.vsmdi
	EndGlobalSection
EndGlobal
